
Microsoft Visual Studio Solution File, Format Version 12.00
# Visual Studio 15
Project("{FAE04EC0-301F-11D3-BF4B-00C04F79EFBC}") = "MatchThreeMore", "MatchThreeMore\MatchThreeMore.csproj", "{B864E4D3-F2CC-4819-A03E-53DD471D2DFC}"
EndProject
Global
	GlobalSection(SolutionConfigurationPlatforms) = preSolution
		Debug|iPhoneSimulator = Debug|iPhoneSimulator
		Release|iPhone = Release|iPhone
		Release|iPhoneSimulator = Release|iPhoneSimulator
		Debug|iPhone = Debug|iPhone
	EndGlobalSection
	GlobalSection(ProjectConfigurationPlatforms) = postSolution
		{B864E4D3-F2CC-4819-A03E-53DD471D2DFC}.Debug|iPhoneSimulator.ActiveCfg = Debug|iPhoneSimulator
		{B864E4D3-F2CC-4819-A03E-53DD471D2DFC}.Debug|iPhoneSimulator.Build.0 = Debug|iPhoneSimulator
		{B864E4D3-F2CC-4819-A03E-53DD471D2DFC}.Release|iPhone.ActiveCfg = Release|iPhone
		{B864E4D3-F2CC-4819-A03E-53DD471D2DFC}.Release|iPhone.Build.0 = Release|iPhone
		{B864E4D3-F2CC-4819-A03E-53DD471D2DFC}.Release|iPhoneSimulator.ActiveCfg = Release|iPhoneSimulator
		{B864E4D3-F2CC-4819-A03E-53DD471D2DFC}.Release|iPhoneSimulator.Build.0 = Release|iPhoneSimulator
		{B864E4D3-F2CC-4819-A03E-53DD471D2DFC}.Debug|iPhone.ActiveCfg = Debug|iPhone
		{B864E4D3-F2CC-4819-A03E-53DD471D2DFC}.Debug|iPhone.Build.0 = Debug|iPhone
	EndGlobalSection
EndGlobal
